{
  "version": 4,
  "terraform_version": "1.14.6",
  "serial": 6,
  "lineage": "3466c239-34ba-6674-2771-594908c4e022",
  "outputs": {},
  "resources": [
    {
      "mode": "managed",
      "type": "local_file",
      "name": "test_file",
      "provider": "provider[\"registry.terraform.io/hashicorp/local\"]",
      "instances": [
        {
          "schema_version": 0,
          "attributes": {
            "content": "Hello Lucas !",
            "content_base64": null,
            "content_base64sha256": "s5c1Jux+bAkbiA1rF7b+iGAkr2SAoANiADuFBb/4Qy8=",
            "content_base64sha512": "z2FPuxbhqZuZIjOiTuEz2hpVelhR6p1YkBxAUnVw8/JWz5CCPcaAhIVJSwvIq08o0VEYmb9497CwKVzJ7I82ug==",
            "content_md5": "0a9d1a388fe66019c2c46a7fc90c939c",
            "content_sha1": "ffbb0e58e2a765d8ea59b59b0b6643cd79389e21",
            "content_sha256": "b3973526ec7e6c091b880d6b17b6fe886024af6480a00362003b8505bff8432f",
            "content_sha512": "cf614fbb16e1a99b992233a24ee133da1a557a5851ea9d58901c40527570f3f256cf90823dc6808485494b0bc8ab4f28d1511899bf78f7b0b0295cc9ec8f36ba",
            "directory_permission": "0777",
            "file_permission": "0777",
            "filename": "./hello.txt",
            "id": "ffbb0e58e2a765d8ea59b59b0b6643cd79389e21",
            "sensitive_content": null,
            "source": null
          },
          "sensitive_attributes": [
            [
              {
                "type": "get_attr",
                "value": "sensitive_content"
              }
            ]
          ],
          "identity_schema_version": 0
        }
      ]
    },
    {
      "mode": "managed",
      "type": "null_resource",
      "name": "example",
      "provider": "provider[\"registry.terraform.io/hashicorp/null\"]",
      "instances": [
        {
          "schema_version": 0,
          "attributes": {
            "id": "924667173784979389",
            "triggers": null
          },
          "sensitive_attributes": [],
          "identity_schema_version": 0
        }
      ]
    }
  ],
  "check_results": null
}
